
Microsoft Visual Studio Solution File, Format Version 12.00
# Visual Studio Version 17
VisualStudioVersion = 17.13.35931.197 d17.13
MinimumVisualStudioVersion = 10.0.40219.1
Project("{FAE04EC0-301F-11D3-BF4B-00C04F79EFBC}") = "events-service", "events-service.csproj", "{4C55444A-18D5-4C1C-AF74-6DFE32ED389A}"
EndProject
Global
	GlobalSection(SolutionConfigurationPlatforms) = preSolution
		Debug|Any CPU = Debug|Any CPU
		Release|Any CPU = Release|Any CPU
	EndGlobalSection
	GlobalSection(ProjectConfigurationPlatforms) = postSolution
		{4C55444A-18D5-4C1C-AF74-6DFE32ED389A}.Debug|Any CPU.ActiveCfg = Debug|Any CPU
		{4C55444A-18D5-4C1C-AF74-6DFE32ED389A}.Debug|Any CPU.Build.0 = Debug|Any CPU
		{4C55444A-18D5-4C1C-AF74-6DFE32ED389A}.Release|Any CPU.ActiveCfg = Release|Any CPU
		{4C55444A-18D5-4C1C-AF74-6DFE32ED389A}.Release|Any CPU.Build.0 = Release|Any CPU
	EndGlobalSection
	GlobalSection(SolutionProperties) = preSolution
		HideSolutionNode = FALSE
	EndGlobalSection
	GlobalSection(ExtensibilityGlobals) = postSolution
		SolutionGuid = {BB09A783-C6AA-42D0-A055-248912FFB918}
	EndGlobalSection
EndGlobal
